# Generated by buf. DO NOT EDIT.
version: v2
deps:
  - name: buf.build/odihnx-prod/service-booking-manager
    commit: aa7d0751093d47268d24224d958e38d6
    digest: b5:bced4f5ea0c71d03513f4f8eea8de327bda21ab78fde5083610079bd6d59eddfe0dbc9900c51c3b7d319efc362fd228161980fed7792cc312161eb8591dfbe87
  - name: buf.build/odihnx-prod/service-infraestructure-manager
    commit: 0833397335c64da18d9a4ac9402849ae
    digest: b5:b2ec7c6e1b810aebf68023c0856ca4282c3e752bc6271051e24ae22cc3b281931ea9a729478bd6d88eecbfb246fab0786bde995b40580ee210ab5f8fdae371eb
  - name: buf.build/odihnx-prod/service-payment-manager
    commit: d76203f9e5d7430c8af271a4056ea077
    digest: b5:123bf6ab86e568640373b8651d49303671ce931e50f96bf4888caea7f2917e57c7efd8abff1d9d4385b16362f7482a50335ebf940ea2a73afb16ccf24038f6f3
